
Microsoft Visual Studio Solution File, Format Version 12.00
# Visual Studio Version 17
VisualStudioVersion = 17.0.31912.275
MinimumVisualStudioVersion = 10.0.40219.1
Project("{FAE04EC0-301F-11D3-BF4B-00C04F79EFBC}") = "Calculator", "Calculator\Calculator.csproj", "{8AF88599-1B52-4731-9E05-6D853379609B}"
EndProject
Global
	GlobalSection(SolutionConfigurationPlatforms) = preSolution
		Debug|Any CPU = Debug|Any CPU
		Release|Any CPU = Release|Any CPU
	EndGlobalSection
	GlobalSection(ProjectConfigurationPlatforms) = postSolution
		{8AF88599-1B52-4731-9E05-6D853379609B}.Debug|Any CPU.ActiveCfg = Debug|Any CPU
		{8AF88599-1B52-4731-9E05-6D853379609B}.Debug|Any CPU.Build.0 = Debug|Any CPU
		{8AF88599-1B52-4731-9E05-6D853379609B}.Release|Any CPU.ActiveCfg = Release|Any CPU
		{8AF88599-1B52-4731-9E05-6D853379609B}.Release|Any CPU.Build.0 = Release|Any CPU
	EndGlobalSection
	GlobalSection(SolutionProperties) = preSolution
		HideSolutionNode = FALSE
	EndGlobalSection
	GlobalSection(ExtensibilityGlobals) = postSolution
		SolutionGuid = {50C93E25-0688-424B-814C-EC6A17DDA7A3}
	EndGlobalSection
EndGlobal
